
Microsoft Visual Studio Solution File, Format Version 12.00
# Visual Studio Version 17
VisualStudioVersion = 17.2.32630.192
MinimumVisualStudioVersion = 10.0.40219.1
Project("{2150E333-8FDC-42A3-9474-1A3956D46DE8}") = "Solution Items", "Solution Items", "{DA2A11C7-6A13-4206-8C12-31292B37D357}"
	ProjectSection(SolutionItems) = preProject
		.gitignore = .gitignore
		xti.ps1 = xti.ps1
	EndProjectSection
EndProject
Project("{2150E333-8FDC-42A3-9474-1A3956D46DE8}") = "CopiaWebApp", "CopiaWebApp", "{3E56E847-0338-4DB6-9B43-8A7CA21BD6D6}"
EndProject
Project("{2150E333-8FDC-42A3-9474-1A3956D46DE8}") = "Apps", "Apps", "{7FE1C3BA-1DA8-4506-BBE4-8014A474FE88}"
EndProject
Project("{9A19103F-16F7-4668-BE54-9A1E7A4F7556}") = "CopiaWebApp", "CopiaWebApp\Apps\CopiaWebApp\CopiaWebApp.csproj", "{88D77066-8579-48BE-B9E4-0369D1053612}"
EndProject
Project("{2150E333-8FDC-42A3-9474-1A3956D46DE8}") = "Internal", "Internal", "{7A6F6569-0FAD-47B6-94A5-7BF131A8C319}"
EndProject
Project("{9A19103F-16F7-4668-BE54-9A1E7A4F7556}") = "XTI_CopiaWebAppApi", "CopiaWebApp\Internal\XTI_CopiaWebAppApi\XTI_CopiaWebAppApi.csproj", "{BE6892A6-6E36-4283-822D-651213315629}"
EndProject
Project("{9A19103F-16F7-4668-BE54-9A1E7A4F7556}") = "CopiaWebApp.ApiControllers", "CopiaWebApp\Internal\CopiaWebApp.ApiControllers\CopiaWebApp.ApiControllers.csproj", "{28326DD4-ECBD-49D8-BEFA-13BFDFF6532D}"
EndProject
Project("{2150E333-8FDC-42A3-9474-1A3956D46DE8}") = "Lib", "Lib", "{6B1E8F98-0004-4701-9C88-9B646A7EBB73}"
EndProject
Project("{9A19103F-16F7-4668-BE54-9A1E7A4F7556}") = "XTI_CopiaAppClient", "CopiaWebApp\Lib\XTI_CopiaAppClient\XTI_CopiaAppClient.csproj", "{8F3ADE40-8E4F-42E9-888D-0404C1766B09}"
EndProject
Project("{9A19103F-16F7-4668-BE54-9A1E7A4F7556}") = "CopiaApiGeneratorApp", "CopiaWebApp\Apps\CopiaApiGeneratorApp\CopiaApiGeneratorApp.csproj", "{EF3202BE-C5AC-4506-965A-FE94E4D57968}"
EndProject
Project("{9A19103F-16F7-4668-BE54-9A1E7A4F7556}") = "CopiaSetupApp", "CopiaWebApp\Apps\CopiaSetupApp\CopiaSetupApp.csproj", "{D1A84C5E-F262-47FC-B4C0-5E549D12917F}"
EndProject
Project("{2150E333-8FDC-42A3-9474-1A3956D46DE8}") = "Tests", "Tests", "{54A0CF8D-27B7-4B79-AF38-45D3248A1267}"
EndProject
Project("{9A19103F-16F7-4668-BE54-9A1E7A4F7556}") = "CopiaWebAppTests", "CopiaWebApp\Tests\CopiaWebAppTests\CopiaWebAppTests.csproj", "{FF56DE2E-C943-45B1-8DD4-0B9263569D99}"
EndProject
Project("{9A19103F-16F7-4668-BE54-9A1E7A4F7556}") = "XTI_Copia.Abstractions", "CopiaWebApp\Lib\XTI_Copia.Abstractions\XTI_Copia.Abstractions.csproj", "{70E6C0ED-B84B-4174-A476-BFD13F4B6CD7}"
EndProject
Project("{9A19103F-16F7-4668-BE54-9A1E7A4F7556}") = "XTI_CopiaDB", "CopiaWebApp\Internal\XTI_CopiaDB\XTI_CopiaDB.csproj", "{F6C30C09-497B-4C89-9DE8-BEC46984EF18}"
EndProject
Project("{9A19103F-16F7-4668-BE54-9A1E7A4F7556}") = "XTI_CopiaDB.InMemory", "CopiaWebApp\Internal\XTI_CopiaDB.InMemory\XTI_CopiaDB.InMemory.csproj", "{B6B0C527-C582-4FF9-8E12-A03D615AC596}"
EndProject
Project("{9A19103F-16F7-4668-BE54-9A1E7A4F7556}") = "XTI_CopiaDB.SqlServer", "CopiaWebApp\Internal\XTI_CopiaDB.SqlServer\XTI_CopiaDB.SqlServer.csproj", "{6FD28140-C9DB-4A40-BD8E-4C004E582D62}"
EndProject
Project("{9A19103F-16F7-4668-BE54-9A1E7A4F7556}") = "XTI_CopiaDbTool", "CopiaWebApp\Internal\XTI_CopiaDbTool\XTI_CopiaDbTool.csproj", "{152BB6F1-84A9-4E2A-A095-7FC22A18D53D}"
EndProject
Project("{9A19103F-16F7-4668-BE54-9A1E7A4F7556}") = "XTI_CopiaImplementations", "CopiaWebApp\Internal\XTI_CopiaImplementations\XTI_CopiaImplementations.csproj", "{C65C9F6A-E038-41DB-90A9-CBA23522CF4A}"
EndProject
Project("{FAE04EC0-301F-11D3-BF4B-00C04F79EFBC}") = "XTI_CopiaDB.EF", "CopiaWebApp\Internal\XTI_CopiaDB.EF\XTI_CopiaDB.EF.csproj", "{8C16EB33-D462-45E7-B202-E6E4D983899D}"
EndProject
Global
	GlobalSection(SolutionConfigurationPlatforms) = preSolution
		Debug|Any CPU = Debug|Any CPU
		Release|Any CPU = Release|Any CPU
	EndGlobalSection
	GlobalSection(ProjectConfigurationPlatforms) = postSolution
		{88D77066-8579-48BE-B9E4-0369D1053612}.Debug|Any CPU.ActiveCfg = Debug|Any CPU
		{88D77066-8579-48BE-B9E4-0369D1053612}.Debug|Any CPU.Build.0 = Debug|Any CPU
		{88D77066-8579-48BE-B9E4-0369D1053612}.Release|Any CPU.ActiveCfg = Release|Any CPU
		{88D77066-8579-48BE-B9E4-0369D1053612}.Release|Any CPU.Build.0 = Release|Any CPU
		{BE6892A6-6E36-4283-822D-651213315629}.Debug|Any CPU.ActiveCfg = Debug|Any CPU
		{BE6892A6-6E36-4283-822D-651213315629}.Debug|Any CPU.Build.0 = Debug|Any CPU
		{BE6892A6-6E36-4283-822D-651213315629}.Release|Any CPU.ActiveCfg = Release|Any CPU
		{BE6892A6-6E36-4283-822D-651213315629}.Release|Any CPU.Build.0 = Release|Any CPU
		{28326DD4-ECBD-49D8-BEFA-13BFDFF6532D}.Debug|Any CPU.ActiveCfg = Debug|Any CPU
		{28326DD4-ECBD-49D8-BEFA-13BFDFF6532D}.Debug|Any CPU.Build.0 = Debug|Any CPU
		{28326DD4-ECBD-49D8-BEFA-13BFDFF6532D}.Release|Any CPU.ActiveCfg = Release|Any CPU
		{28326DD4-ECBD-49D8-BEFA-13BFDFF6532D}.Release|Any CPU.Build.0 = Release|Any CPU
		{8F3ADE40-8E4F-42E9-888D-0404C1766B09}.Debug|Any CPU.ActiveCfg = Debug|Any CPU
		{8F3ADE40-8E4F-42E9-888D-0404C1766B09}.Debug|Any CPU.Build.0 = Debug|Any CPU
		{8F3ADE40-8E4F-42E9-888D-0404C1766B09}.Release|Any CPU.ActiveCfg = Release|Any CPU
		{8F3ADE40-8E4F-42E9-888D-0404C1766B09}.Release|Any CPU.Build.0 = Release|Any CPU
		{EF3202BE-C5AC-4506-965A-FE94E4D57968}.Debug|Any CPU.ActiveCfg = Debug|Any CPU
		{EF3202BE-C5AC-4506-965A-FE94E4D57968}.Debug|Any CPU.Build.0 = Debug|Any CPU
		{EF3202BE-C5AC-4506-965A-FE94E4D57968}.Release|Any CPU.ActiveCfg = Release|Any CPU
		{EF3202BE-C5AC-4506-965A-FE94E4D57968}.Release|Any CPU.Build.0 = Release|Any CPU
		{D1A84C5E-F262-47FC-B4C0-5E549D12917F}.Debug|Any CPU.ActiveCfg = Debug|Any CPU
		{D1A84C5E-F262-47FC-B4C0-5E549D12917F}.Debug|Any CPU.Build.0 = Debug|Any CPU
		{D1A84C5E-F262-47FC-B4C0-5E549D12917F}.Release|Any CPU.ActiveCfg = Release|Any CPU
		{D1A84C5E-F262-47FC-B4C0-5E549D12917F}.Release|Any CPU.Build.0 = Release|Any CPU
		{FF56DE2E-C943-45B1-8DD4-0B9263569D99}.Debug|Any CPU.ActiveCfg = Debug|Any CPU
		{FF56DE2E-C943-45B1-8DD4-0B9263569D99}.Debug|Any CPU.Build.0 = Debug|Any CPU
		{FF56DE2E-C943-45B1-8DD4-0B9263569D99}.Release|Any CPU.ActiveCfg = Release|Any CPU
		{FF56DE2E-C943-45B1-8DD4-0B9263569D99}.Release|Any CPU.Build.0 = Release|Any CPU
		{70E6C0ED-B84B-4174-A476-BFD13F4B6CD7}.Debug|Any CPU.ActiveCfg = Debug|Any CPU
		{70E6C0ED-B84B-4174-A476-BFD13F4B6CD7}.Debug|Any CPU.Build.0 = Debug|Any CPU
		{70E6C0ED-B84B-4174-A476-BFD13F4B6CD7}.Release|Any CPU.ActiveCfg = Release|Any CPU
		{70E6C0ED-B84B-4174-A476-BFD13F4B6CD7}.Release|Any CPU.Build.0 = Release|Any CPU
		{F6C30C09-497B-4C89-9DE8-BEC46984EF18}.Debug|Any CPU.ActiveCfg = Debug|Any CPU
		{F6C30C09-497B-4C89-9DE8-BEC46984EF18}.Debug|Any CPU.Build.0 = Debug|Any CPU
		{F6C30C09-497B-4C89-9DE8-BEC46984EF18}.Release|Any CPU.ActiveCfg = Release|Any CPU
		{F6C30C09-497B-4C89-9DE8-BEC46984EF18}.Release|Any CPU.Build.0 = Release|Any CPU
		{B6B0C527-C582-4FF9-8E12-A03D615AC596}.Debug|Any CPU.ActiveCfg = Debug|Any CPU
		{B6B0C527-C582-4FF9-8E12-A03D615AC596}.Debug|Any CPU.Build.0 = Debug|Any CPU
		{B6B0C527-C582-4FF9-8E12-A03D615AC596}.Release|Any CPU.ActiveCfg = Release|Any CPU
		{B6B0C527-C582-4FF9-8E12-A03D615AC596}.Release|Any CPU.Build.0 = Release|Any CPU
		{6FD28140-C9DB-4A40-BD8E-4C004E582D62}.Debug|Any CPU.ActiveCfg = Debug|Any CPU
		{6FD28140-C9DB-4A40-BD8E-4C004E582D62}.Debug|Any CPU.Build.0 = Debug|Any CPU
		{6FD28140-C9DB-4A40-BD8E-4C004E582D62}.Release|Any CPU.ActiveCfg = Release|Any CPU
		{6FD28140-C9DB-4A40-BD8E-4C004E582D62}.Release|Any CPU.Build.0 = Release|Any CPU
		{152BB6F1-84A9-4E2A-A095-7FC22A18D53D}.Debug|Any CPU.ActiveCfg = Debug|Any CPU
		{152BB6F1-84A9-4E2A-A095-7FC22A18D53D}.Debug|Any CPU.Build.0 = Debug|Any CPU
		{152BB6F1-84A9-4E2A-A095-7FC22A18D53D}.Release|Any CPU.ActiveCfg = Release|Any CPU
		{152BB6F1-84A9-4E2A-A095-7FC22A18D53D}.Release|Any CPU.Build.0 = Release|Any CPU
		{C65C9F6A-E038-41DB-90A9-CBA23522CF4A}.Debug|Any CPU.ActiveCfg = Debug|Any CPU
		{C65C9F6A-E038-41DB-90A9-CBA23522CF4A}.Debug|Any CPU.Build.0 = Debug|Any CPU
		{C65C9F6A-E038-41DB-90A9-CBA23522CF4A}.Release|Any CPU.ActiveCfg = Release|Any CPU
		{C65C9F6A-E038-41DB-90A9-CBA23522CF4A}.Release|Any CPU.Build.0 = Release|Any CPU
		{8C16EB33-D462-45E7-B202-E6E4D983899D}.Debug|Any CPU.ActiveCfg = Debug|Any CPU
		{8C16EB33-D462-45E7-B202-E6E4D983899D}.Debug|Any CPU.Build.0 = Debug|Any CPU
		{8C16EB33-D462-45E7-B202-E6E4D983899D}.Release|Any CPU.ActiveCfg = Release|Any CPU
		{8C16EB33-D462-45E7-B202-E6E4D983899D}.Release|Any CPU.Build.0 = Release|Any CPU
	EndGlobalSection
	GlobalSection(SolutionProperties) = preSolution
		HideSolutionNode = FALSE
	EndGlobalSection
	GlobalSection(NestedProjects) = preSolution
		{7FE1C3BA-1DA8-4506-BBE4-8014A474FE88} = {3E56E847-0338-4DB6-9B43-8A7CA21BD6D6}
		{88D77066-8579-48BE-B9E4-0369D1053612} = {7FE1C3BA-1DA8-4506-BBE4-8014A474FE88}
		{7A6F6569-0FAD-47B6-94A5-7BF131A8C319} = {3E56E847-0338-4DB6-9B43-8A7CA21BD6D6}
		{BE6892A6-6E36-4283-822D-651213315629} = {7A6F6569-0FAD-47B6-94A5-7BF131A8C319}
		{28326DD4-ECBD-49D8-BEFA-13BFDFF6532D} = {7A6F6569-0FAD-47B6-94A5-7BF131A8C319}
		{6B1E8F98-0004-4701-9C88-9B646A7EBB73} = {3E56E847-0338-4DB6-9B43-8A7CA21BD6D6}
		{8F3ADE40-8E4F-42E9-888D-0404C1766B09} = {6B1E8F98-0004-4701-9C88-9B646A7EBB73}
		{EF3202BE-C5AC-4506-965A-FE94E4D57968} = {7FE1C3BA-1DA8-4506-BBE4-8014A474FE88}
		{D1A84C5E-F262-47FC-B4C0-5E549D12917F} = {7FE1C3BA-1DA8-4506-BBE4-8014A474FE88}
		{54A0CF8D-27B7-4B79-AF38-45D3248A1267} = {3E56E847-0338-4DB6-9B43-8A7CA21BD6D6}
		{FF56DE2E-C943-45B1-8DD4-0B9263569D99} = {54A0CF8D-27B7-4B79-AF38-45D3248A1267}
		{70E6C0ED-B84B-4174-A476-BFD13F4B6CD7} = {6B1E8F98-0004-4701-9C88-9B646A7EBB73}
		{F6C30C09-497B-4C89-9DE8-BEC46984EF18} = {7A6F6569-0FAD-47B6-94A5-7BF131A8C319}
		{B6B0C527-C582-4FF9-8E12-A03D615AC596} = {7A6F6569-0FAD-47B6-94A5-7BF131A8C319}
		{6FD28140-C9DB-4A40-BD8E-4C004E582D62} = {7A6F6569-0FAD-47B6-94A5-7BF131A8C319}
		{152BB6F1-84A9-4E2A-A095-7FC22A18D53D} = {7A6F6569-0FAD-47B6-94A5-7BF131A8C319}
		{C65C9F6A-E038-41DB-90A9-CBA23522CF4A} = {7A6F6569-0FAD-47B6-94A5-7BF131A8C319}
		{8C16EB33-D462-45E7-B202-E6E4D983899D} = {7A6F6569-0FAD-47B6-94A5-7BF131A8C319}
	EndGlobalSection
	GlobalSection(ExtensibilityGlobals) = postSolution
		SolutionGuid = {930AB467-FFD2-4966-A5C7-A3043B5E6E48}
	EndGlobalSection
EndGlobal
